// !$*UTF8*$!
{
	archiveVersion = 1;
	classes = {
	};
	objectVersion = 56;
	objects = {

/* Begin PBXBuildFile section */
		35782CF12EC8EDAD00427117 /* MarkdownFormattingToolbar.swift in Sources */ = {isa = PBXBuildFile; fileRef = 35782CF02EC8EDAD00427117 /* MarkdownFormattingToolbar.swift */; };
		35782CF32EC8F5D600427117 /* LogPanelView.swift in Sources */ = {isa = PBXBuildFile; fileRef = 35782CF22EC8F5D600427117 /* LogPanelView.swift */; };
		35782CF52EC8F5DD00427117 /* LogManager.swift in Sources */ = {isa = PBXBuildFile; fileRef = 35782CF42EC8F5DD00427117 /* LogManager.swift */; };
		35782CFA2EC930E900427117 /* SplitView.swift in Sources */ = {isa = PBXBuildFile; fileRef = 35782CF92EC930E900427117 /* SplitView.swift */; };
		35782D062ECB971600427117 /* ScrollSyncManager.swift in Sources */ = {isa = PBXBuildFile; fileRef = 35782D052ECB971600427117 /* ScrollSyncManager.swift */; };
		AA0001001A000001 /* CalmMarkApp.swift in Sources */ = {isa = PBXBuildFile; fileRef = AA0001001A000002 /* CalmMarkApp.swift */; };
		AA0001011A000001 /* CalmMarkDocument.swift in Sources */ = {isa = PBXBuildFile; fileRef = AA0001011A000002 /* CalmMarkDocument.swift */; };
		AA0001021A000001 /* ContentView.swift in Sources */ = {isa = PBXBuildFile; fileRef = AA0001021A000002 /* ContentView.swift */; };
		AA0001031A000001 /* EditorView.swift in Sources */ = {isa = PBXBuildFile; fileRef = AA0001031A000002 /* EditorView.swift */; };
		AA0001041A000001 /* PreviewView.swift in Sources */ = {isa = PBXBuildFile; fileRef = AA0001041A000002 /* PreviewView.swift */; };
		AA0001051A000001 /* PreferencesView.swift in Sources */ = {isa = PBXBuildFile; fileRef = AA0001051A000002 /* PreferencesView.swift */; };
		AA0001061A000001 /* AppSettings.swift in Sources */ = {isa = PBXBuildFile; fileRef = AA0001061A000002 /* AppSettings.swift */; };
		AA0001071A000001 /* MarkdownRenderer.swift in Sources */ = {isa = PBXBuildFile; fileRef = AA0001071A000002 /* MarkdownRenderer.swift */; };
		AA0001081A000001 /* StylesheetGenerator.swift in Sources */ = {isa = PBXBuildFile; fileRef = AA0001081A000002 /* StylesheetGenerator.swift */; };
		AA0001091A000001 /* ExportManager.swift in Sources */ = {isa = PBXBuildFile; fileRef = AA0001091A000002 /* ExportManager.swift */; };
		AA0001101A000001 /* ExportView.swift in Sources */ = {isa = PBXBuildFile; fileRef = AA0001101A000002 /* ExportView.swift */; };
		AA0001111A000001 /* FileSystemManager.swift in Sources */ = {isa = PBXBuildFile; fileRef = AA0001111A000002 /* FileSystemManager.swift */; };
		AA0001121A000001 /* FileNavigatorView.swift in Sources */ = {isa = PBXBuildFile; fileRef = AA0001121A000002 /* FileNavigatorView.swift */; };
		AA0001131A000001 /* TabManager.swift in Sources */ = {isa = PBXBuildFile; fileRef = AA0001131A000002 /* TabManager.swift */; };
		AA0001141A000001 /* TabBarView.swift in Sources */ = {isa = PBXBuildFile; fileRef = AA0001141A000002 /* TabBarView.swift */; };
		AA0001151A000001 /* ProjectContentView.swift in Sources */ = {isa = PBXBuildFile; fileRef = AA0001151A000002 /* ProjectContentView.swift */; };
		AA0001161A000001 /* CommandTemplateManager.swift in Sources */ = {isa = PBXBuildFile; fileRef = AA0001161A000002 /* CommandTemplateManager.swift */; };
		AA0001171A000001 /* CommandTemplatesView.swift in Sources */ = {isa = PBXBuildFile; fileRef = AA0001171A000002 /* CommandTemplatesView.swift */; };
		AA0002001A000001 /* Assets.xcassets in Resources */ = {isa = PBXBuildFile; fileRef = AA0002001A000002 /* Assets.xcassets */; };
		AA0002011A000001 /* Preview Assets.xcassets in Resources */ = {isa = PBXBuildFile; fileRef = AA0002011A000002 /* Preview Assets.xcassets */; };
/* End PBXBuildFile section */

/* Begin PBXFileReference section */
		35782CF02EC8EDAD00427117 /* MarkdownFormattingToolbar.swift */ = {isa = PBXFileReference; lastKnownFileType = sourcecode.swift; path = MarkdownFormattingToolbar.swift; sourceTree = "<group>"; };
		35782CF22EC8F5D600427117 /* LogPanelView.swift */ = {isa = PBXFileReference; lastKnownFileType = sourcecode.swift; path = LogPanelView.swift; sourceTree = "<group>"; };
		35782CF42EC8F5DD00427117 /* LogManager.swift */ = {isa = PBXFileReference; lastKnownFileType = sourcecode.swift; path = LogManager.swift; sourceTree = "<group>"; };
		35782CF92EC930E900427117 /* SplitView.swift */ = {isa = PBXFileReference; lastKnownFileType = sourcecode.swift; path = SplitView.swift; sourceTree = "<group>"; };
		35782D052ECB971600427117 /* ScrollSyncManager.swift */ = {isa = PBXFileReference; lastKnownFileType = sourcecode.swift; path = ScrollSyncManager.swift; sourceTree = "<group>"; };
		AA0000001A000001 /* CalmMark.app */ = {isa = PBXFileReference; explicitFileType = wrapper.application; includeInIndex = 0; path = CalmMark.app; sourceTree = BUILT_PRODUCTS_DIR; };
		AA0001001A000002 /* CalmMarkApp.swift */ = {isa = PBXFileReference; lastKnownFileType = sourcecode.swift; path = CalmMarkApp.swift; sourceTree = "<group>"; };
		AA0001011A000002 /* CalmMarkDocument.swift */ = {isa = PBXFileReference; lastKnownFileType = sourcecode.swift; path = CalmMarkDocument.swift; sourceTree = "<group>"; };
		AA0001021A000002 /* ContentView.swift */ = {isa = PBXFileReference; lastKnownFileType = sourcecode.swift; path = ContentView.swift; sourceTree = "<group>"; };
		AA0001031A000002 /* EditorView.swift */ = {isa = PBXFileReference; lastKnownFileType = sourcecode.swift; path = EditorView.swift; sourceTree = "<group>"; };
		AA0001041A000002 /* PreviewView.swift */ = {isa = PBXFileReference; lastKnownFileType = sourcecode.swift; path = PreviewView.swift; sourceTree = "<group>"; };
		AA0001051A000002 /* PreferencesView.swift */ = {isa = PBXFileReference; lastKnownFileType = sourcecode.swift; path = PreferencesView.swift; sourceTree = "<group>"; };
		AA0001061A000002 /* AppSettings.swift */ = {isa = PBXFileReference; lastKnownFileType = sourcecode.swift; path = AppSettings.swift; sourceTree = "<group>"; };
		AA0001071A000002 /* MarkdownRenderer.swift */ = {isa = PBXFileReference; lastKnownFileType = sourcecode.swift; path = MarkdownRenderer.swift; sourceTree = "<group>"; };
		AA0001081A000002 /* StylesheetGenerator.swift */ = {isa = PBXFileReference; lastKnownFileType = sourcecode.swift; path = StylesheetGenerator.swift; sourceTree = "<group>"; };
		AA0001091A000002 /* ExportManager.swift */ = {isa = PBXFileReference; lastKnownFileType = sourcecode.swift; path = ExportManager.swift; sourceTree = "<group>"; };
		AA0001101A000002 /* ExportView.swift */ = {isa = PBXFileReference; lastKnownFileType = sourcecode.swift; path = ExportView.swift; sourceTree = "<group>"; };
		AA0001111A000002 /* FileSystemManager.swift */ = {isa = PBXFileReference; lastKnownFileType = sourcecode.swift; path = FileSystemManager.swift; sourceTree = "<group>"; };
		AA0001121A000002 /* FileNavigatorView.swift */ = {isa = PBXFileReference; lastKnownFileType = sourcecode.swift; path = FileNavigatorView.swift; sourceTree = "<group>"; };
		AA0001131A000002 /* TabManager.swift */ = {isa = PBXFileReference; lastKnownFileType = sourcecode.swift; path = TabManager.swift; sourceTree = "<group>"; };
		AA0001141A000002 /* TabBarView.swift */ = {isa = PBXFileReference; lastKnownFileType = sourcecode.swift; path = TabBarView.swift; sourceTree = "<group>"; };
		AA0001151A000002 /* ProjectContentView.swift */ = {isa = PBXFileReference; lastKnownFileType = sourcecode.swift; path = ProjectContentView.swift; sourceTree = "<group>"; };
		AA0001161A000002 /* CommandTemplateManager.swift */ = {isa = PBXFileReference; lastKnownFileType = sourcecode.swift; path = CommandTemplateManager.swift; sourceTree = "<group>"; };
		AA0001171A000002 /* CommandTemplatesView.swift */ = {isa = PBXFileReference; lastKnownFileType = sourcecode.swift; path = CommandTemplatesView.swift; sourceTree = "<group>"; };
		AA0002001A000002 /* Assets.xcassets */ = {isa = PBXFileReference; lastKnownFileType = folder.assetcatalog; path = Assets.xcassets; sourceTree = "<group>"; };
		AA0002011A000002 /* Preview Assets.xcassets */ = {isa = PBXFileReference; lastKnownFileType = folder.assetcatalog; path = "Preview Assets.xcassets"; sourceTree = "<group>"; };
		AA0003001A000002 /* Info.plist */ = {isa = PBXFileReference; lastKnownFileType = text.plist.xml; path = Info.plist; sourceTree = "<group>"; };
		AA0003011A000002 /* CalmMark.entitlements */ = {isa = PBXFileReference; lastKnownFileType = text.plist.entitlements; path = CalmMark.entitlements; sourceTree = "<group>"; };
/* End PBXFileReference section */

/* Begin PBXFrameworksBuildPhase section */
		AA0000001A000002 /* Frameworks */ = {
			isa = PBXFrameworksBuildPhase;
			buildActionMask = 2147483647;
			files = (
			);
			runOnlyForDeploymentPostprocessing = 0;
		};
/* End PBXFrameworksBuildPhase section */

/* Begin PBXGroup section */
		35782CF72EC9234E00427117 /* Components */ = {
			isa = PBXGroup;
			children = (
				35782CF92EC930E900427117 /* SplitView.swift */,
			);
			path = Components;
			sourceTree = "<group>";
		};
		AA0000001A000003 = {
			isa = PBXGroup;
			children = (
				AA0001001A000003 /* CalmMark */,
				AA0000001A000004 /* Products */,
			);
			sourceTree = "<group>";
		};
		AA0000001A000004 /* Products */ = {
			isa = PBXGroup;
			children = (
				AA0000001A000001 /* CalmMark.app */,
			);
			name = Products;
			sourceTree = "<group>";
		};
		AA0001001A000003 /* CalmMark */ = {
			isa = PBXGroup;
			children = (
				35782CF72EC9234E00427117 /* Components */,
				AA0001001A000002 /* CalmMarkApp.swift */,
				AA0001011A000002 /* CalmMarkDocument.swift */,
				AA0001021A000002 /* ContentView.swift */,
				AA0001151A000002 /* ProjectContentView.swift */,
				AA0001031A000002 /* EditorView.swift */,
				AA0001041A000002 /* PreviewView.swift */,
				35782CF02EC8EDAD00427117 /* MarkdownFormattingToolbar.swift */,
				AA0001051A000002 /* PreferencesView.swift */,
				AA0001101A000002 /* ExportView.swift */,
				AA0001061A000002 /* AppSettings.swift */,
				35782CF22EC8F5D600427117 /* LogPanelView.swift */,
				AA0001111A000002 /* FileSystemManager.swift */,
				35782CF42EC8F5DD00427117 /* LogManager.swift */,
				AA0001121A000002 /* FileNavigatorView.swift */,
				AA0001131A000002 /* TabManager.swift */,
				AA0001141A000002 /* TabBarView.swift */,
				AA0001161A000002 /* CommandTemplateManager.swift */,
				AA0001171A000002 /* CommandTemplatesView.swift */,
				AA0001071A000002 /* MarkdownRenderer.swift */,
				35782D052ECB971600427117 /* ScrollSyncManager.swift */,
				AA0001081A000002 /* StylesheetGenerator.swift */,
				AA0001091A000002 /* ExportManager.swift */,
				AA0002001A000002 /* Assets.xcassets */,
				AA0003001A000002 /* Info.plist */,
				AA0003011A000002 /* CalmMark.entitlements */,
				AA0002001A000003 /* Preview Content */,
			);
			path = CalmMark;
			sourceTree = "<group>";
		};
		AA0002001A000003 /* Preview Content */ = {
			isa = PBXGroup;
			children = (
				AA0002011A000002 /* Preview Assets.xcassets */,
			);
			path = "Preview Content";
			sourceTree = "<group>";
		};
/* End PBXGroup section */

/* Begin PBXNativeTarget section */
		AA0000001A000005 /* CalmMark */ = {
			isa = PBXNativeTarget;
			buildConfigurationList = AA0000001A000006 /* Build configuration list for PBXNativeTarget "CalmMark" */;
			buildPhases = (
				AA0000001A000007 /* Sources */,
				AA0000001A000002 /* Frameworks */,
				AA0000001A000008 /* Resources */,
			);
			buildRules = (
			);
			dependencies = (
			);
			name = CalmMark;
			productName = CalmMark;
			productReference = AA0000001A000001 /* CalmMark.app */;
			productType = "com.apple.product-type.application";
		};
/* End PBXNativeTarget section */

/* Begin PBXProject section */
		AA0000001A000009 /* Project object */ = {
			isa = PBXProject;
			attributes = {
				BuildIndependentTargetsInParallel = 1;
				LastSwiftUpdateCheck = 1500;
				LastUpgradeCheck = 1500;
				TargetAttributes = {
					AA0000001A000005 = {
						CreatedOnToolsVersion = 15.0;
					};
				};
			};
			buildConfigurationList = AA0000001A000010 /* Build configuration list for PBXProject "CalmMark" */;
			compatibilityVersion = "Xcode 14.0";
			developmentRegion = en;
			hasScannedForEncodings = 0;
			knownRegions = (
				en,
				Base,
			);
			mainGroup = AA0000001A000003;
			productRefGroup = AA0000001A000004 /* Products */;
			projectDirPath = "";
			projectRoot = "";
			targets = (
				AA0000001A000005 /* CalmMark */,
			);
		};
/* End PBXProject section */

/* Begin PBXResourcesBuildPhase section */
		AA0000001A000008 /* Resources */ = {
			isa = PBXResourcesBuildPhase;
			buildActionMask = 2147483647;
			files = (
				AA0002011A000001 /* Preview Assets.xcassets in Resources */,
				AA0002001A000001 /* Assets.xcassets in Resources */,
			);
			runOnlyForDeploymentPostprocessing = 0;
		};
/* End PBXResourcesBuildPhase section */

/* Begin PBXSourcesBuildPhase section */
		AA0000001A000007 /* Sources */ = {
			isa = PBXSourcesBuildPhase;
			buildActionMask = 2147483647;
			files = (
				AA0001021A000001 /* ContentView.swift in Sources */,
				AA0001151A000001 /* ProjectContentView.swift in Sources */,
				35782CF32EC8F5D600427117 /* LogPanelView.swift in Sources */,
				35782CF52EC8F5DD00427117 /* LogManager.swift in Sources */,
				35782D062ECB971600427117 /* ScrollSyncManager.swift in Sources */,
				AA0001011A000001 /* CalmMarkDocument.swift in Sources */,
				AA0001001A000001 /* CalmMarkApp.swift in Sources */,
				35782CFA2EC930E900427117 /* SplitView.swift in Sources */,
				AA0001031A000001 /* EditorView.swift in Sources */,
				AA0001041A000001 /* PreviewView.swift in Sources */,
				AA0001051A000001 /* PreferencesView.swift in Sources */,
				AA0001101A000001 /* ExportView.swift in Sources */,
				AA0001061A000001 /* AppSettings.swift in Sources */,
				AA0001111A000001 /* FileSystemManager.swift in Sources */,
				AA0001121A000001 /* FileNavigatorView.swift in Sources */,
				AA0001131A000001 /* TabManager.swift in Sources */,
				AA0001141A000001 /* TabBarView.swift in Sources */,
				35782CF12EC8EDAD00427117 /* MarkdownFormattingToolbar.swift in Sources */,
				AA0001161A000001 /* CommandTemplateManager.swift in Sources */,
				AA0001171A000001 /* CommandTemplatesView.swift in Sources */,
				AA0001071A000001 /* MarkdownRenderer.swift in Sources */,
				AA0001081A000001 /* StylesheetGenerator.swift in Sources */,
				AA0001091A000001 /* ExportManager.swift in Sources */,
			);
			runOnlyForDeploymentPostprocessing = 0;
		};
/* End PBXSourcesBuildPhase section */

/* Begin XCBuildConfiguration section */
		AA0000001A000011 /* Debug */ = {
			isa = XCBuildConfiguration;
			buildSettings = {
				ALWAYS_SEARCH_USER_PATHS = NO;
				ASSETCATALOG_COMPILER_GENERATE_SWIFT_ASSET_SYMBOL_EXTENSIONS = YES;
				CLANG_ANALYZER_NONNULL = YES;
				CLANG_ANALYZER_NUMBER_OBJECT_CONVERSION = YES_AGGRESSIVE;
				CLANG_CXX_LANGUAGE_STANDARD = "gnu++20";
				CLANG_ENABLE_MODULES = YES;
				CLANG_ENABLE_OBJC_ARC = YES;
				CLANG_ENABLE_OBJC_WEAK = YES;
				CLANG_WARN_BLOCK_CAPTURE_AUTORELEASING = YES;
				CLANG_WARN_BOOL_CONVERSION = YES;
				CLANG_WARN_COMMA = YES;
				CLANG_WARN_CONSTANT_CONVERSION = YES;
				CLANG_WARN_DEPRECATED_OBJC_IMPLEMENTATIONS = YES;
				CLANG_WARN_DIRECT_OBJC_ISA_USAGE = YES_ERROR;
				CLANG_WARN_DOCUMENTATION_COMMENTS = YES;
				CLANG_WARN_EMPTY_BODY = YES;
				CLANG_WARN_ENUM_CONVERSION = YES;
				CLANG_WARN_INFINITE_RECURSION = YES;
				CLANG_WARN_INT_CONVERSION = YES;
				CLANG_WARN_NON_LITERAL_NULL_CONVERSION = YES;
				CLANG_WARN_OBJC_IMPLICIT_RETAIN_SELF = YES;
				CLANG_WARN_OBJC_LITERAL_CONVERSION = YES;
				CLANG_WARN_OBJC_ROOT_CLASS = YES_ERROR;
				CLANG_WARN_QUOTED_INCLUDE_IN_FRAMEWORK_HEADER = YES;
				CLANG_WARN_RANGE_LOOP_ANALYSIS = YES;
				CLANG_WARN_STRICT_PROTOTYPES = YES;
				CLANG_WARN_SUSPICIOUS_MOVE = YES;
				CLANG_WARN_UNGUARDED_AVAILABILITY = YES_AGGRESSIVE;
				CLANG_WARN_UNREACHABLE_CODE = YES;
				CLANG_WARN__DUPLICATE_METHOD_MATCH = YES;
				COPY_PHASE_STRIP = NO;
				DEBUG_INFORMATION_FORMAT = dwarf;
				ENABLE_STRICT_OBJC_MSGSEND = YES;
				ENABLE_TESTABILITY = YES;
				ENABLE_USER_SCRIPT_SANDBOXING = YES;
				GCC_C_LANGUAGE_STANDARD = gnu17;
				GCC_DYNAMIC_NO_PIC = NO;
				GCC_NO_COMMON_BLOCKS = YES;
				GCC_OPTIMIZATION_LEVEL = 0;
				GCC_PREPROCESSOR_DEFINITIONS = (
					"DEBUG=1",
					"$(inherited)",
				);
				GCC_WARN_64_TO_32_BIT_CONVERSION = YES;
				GCC_WARN_ABOUT_RETURN_TYPE = YES_ERROR;
				GCC_WARN_UNDECLARED_SELECTOR = YES;
				GCC_WARN_UNINITIALIZED_AUTOS = YES_AGGRESSIVE;
				GCC_WARN_UNUSED_FUNCTION = YES;
				GCC_WARN_UNUSED_VARIABLE = YES;
				LOCALIZATION_PREFERS_STRING_CATALOGS = YES;
				MACOSX_DEPLOYMENT_TARGET = 14.0;
				MTL_ENABLE_DEBUG_INFO = INCLUDE_SOURCE;
				MTL_FAST_MATH = YES;
				ONLY_ACTIVE_ARCH = YES;
				SDKROOT = macosx;
				SWIFT_ACTIVE_COMPILATION_CONDITIONS = "DEBUG $(inherited)";
				SWIFT_OPTIMIZATION_LEVEL = "-Onone";
			};
			name = Debug;
		};
		AA0000001A000012 /* Release */ = {
			isa = XCBuildConfiguration;
			buildSettings = {
				ALWAYS_SEARCH_USER_PATHS = NO;
				ASSETCATALOG_COMPILER_GENERATE_SWIFT_ASSET_SYMBOL_EXTENSIONS = YES;
				CLANG_ANALYZER_NONNULL = YES;
				CLANG_ANALYZER_NUMBER_OBJECT_CONVERSION = YES_AGGRESSIVE;
				CLANG_CXX_LANGUAGE_STANDARD = "gnu++20";
				CLANG_ENABLE_MODULES = YES;
				CLANG_ENABLE_OBJC_ARC = YES;
				CLANG_ENABLE_OBJC_WEAK = YES;
				CLANG_WARN_BLOCK_CAPTURE_AUTORELEASING = YES;
				CLANG_WARN_BOOL_CONVERSION = YES;
				CLANG_WARN_COMMA = YES;
				CLANG_WARN_CONSTANT_CONVERSION = YES;
				CLANG_WARN_DEPRECATED_OBJC_IMPLEMENTATIONS = YES;
				CLANG_WARN_DIRECT_OBJC_ISA_USAGE = YES_ERROR;
				CLANG_WARN_DOCUMENTATION_COMMENTS = YES;
				CLANG_WARN_EMPTY_BODY = YES;
				CLANG_WARN_ENUM_CONVERSION = YES;
				CLANG_WARN_INFINITE_RECURSION = YES;
				CLANG_WARN_INT_CONVERSION = YES;
				CLANG_WARN_NON_LITERAL_NULL_CONVERSION = YES;
				CLANG_WARN_OBJC_IMPLICIT_RETAIN_SELF = YES;
				CLANG_WARN_OBJC_LITERAL_CONVERSION = YES;
				CLANG_WARN_OBJC_ROOT_CLASS = YES_ERROR;
				CLANG_WARN_QUOTED_INCLUDE_IN_FRAMEWORK_HEADER = YES;
				CLANG_WARN_RANGE_LOOP_ANALYSIS = YES;
				CLANG_WARN_STRICT_PROTOTYPES = YES;
				CLANG_WARN_SUSPICIOUS_MOVE = YES;
				CLANG_WARN_UNGUARDED_AVAILABILITY = YES_AGGRESSIVE;
				CLANG_WARN_UNREACHABLE_CODE = YES;
				CLANG_WARN__DUPLICATE_METHOD_MATCH = YES;
				COPY_PHASE_STRIP = NO;
				DEBUG_INFORMATION_FORMAT = "dwarf-with-dsym";
				ENABLE_NS_ASSERTIONS = NO;
				ENABLE_STRICT_OBJC_MSGSEND = YES;
				ENABLE_USER_SCRIPT_SANDBOXING = YES;
				GCC_C_LANGUAGE_STANDARD = gnu17;
				GCC_NO_COMMON_BLOCKS = YES;
				GCC_WARN_64_TO_32_BIT_CONVERSION = YES;
				GCC_WARN_ABOUT_RETURN_TYPE = YES_ERROR;
				GCC_WARN_UNDECLARED_SELECTOR = YES;
				GCC_WARN_UNINITIALIZED_AUTOS = YES_AGGRESSIVE;
				GCC_WARN_UNUSED_FUNCTION = YES;
				GCC_WARN_UNUSED_VARIABLE = YES;
				LOCALIZATION_PREFERS_STRING_CATALOGS = YES;
				MACOSX_DEPLOYMENT_TARGET = 14.0;
				MTL_ENABLE_DEBUG_INFO = NO;
				MTL_FAST_MATH = YES;
				SDKROOT = macosx;
				SWIFT_COMPILATION_MODE = wholemodule;
			};
			name = Release;
		};
		AA0000001A000013 /* Debug */ = {
			isa = XCBuildConfiguration;
			buildSettings = {
				ASSETCATALOG_COMPILER_APPICON_NAME = AppIcon;
				ASSETCATALOG_COMPILER_GLOBAL_ACCENT_COLOR_NAME = AccentColor;
				CODE_SIGN_ENTITLEMENTS = CalmMark/CalmMark.entitlements;
				CODE_SIGN_STYLE = Automatic;
				COMBINE_HIDPI_IMAGES = YES;
				CURRENT_PROJECT_VERSION = 1;
				DEVELOPMENT_ASSET_PATHS = "\"CalmMark/Preview Content\"";
				ENABLE_PREVIEWS = YES;
				GENERATE_INFOPLIST_FILE = NO;
				INFOPLIST_FILE = CalmMark/Info.plist;
				INFOPLIST_KEY_NSHumanReadableCopyright = "";
				LD_RUNPATH_SEARCH_PATHS = (
					"$(inherited)",
					"@executable_path/../Frameworks",
				);
				MARKETING_VERSION = 1.0;
				PRODUCT_BUNDLE_IDENTIFIER = com.calmmark.app;
				PRODUCT_NAME = "$(TARGET_NAME)";
				SWIFT_EMIT_LOC_STRINGS = YES;
				SWIFT_VERSION = 5.0;
			};
			name = Debug;
		};
		AA0000001A000014 /* Release */ = {
			isa = XCBuildConfiguration;
			buildSettings = {
				ASSETCATALOG_COMPILER_APPICON_NAME = AppIcon;
				ASSETCATALOG_COMPILER_GLOBAL_ACCENT_COLOR_NAME = AccentColor;
				CODE_SIGN_ENTITLEMENTS = CalmMark/CalmMark.entitlements;
				CODE_SIGN_STYLE = Automatic;
				COMBINE_HIDPI_IMAGES = YES;
				CURRENT_PROJECT_VERSION = 1;
				DEVELOPMENT_ASSET_PATHS = "\"CalmMark/Preview Content\"";
				ENABLE_PREVIEWS = YES;
				GENERATE_INFOPLIST_FILE = NO;
				INFOPLIST_FILE = CalmMark/Info.plist;
				INFOPLIST_KEY_NSHumanReadableCopyright = "";
				LD_RUNPATH_SEARCH_PATHS = (
					"$(inherited)",
					"@executable_path/../Frameworks",
				);
				MARKETING_VERSION = 1.0;
				PRODUCT_BUNDLE_IDENTIFIER = com.calmmark.app;
				PRODUCT_NAME = "$(TARGET_NAME)";
				SWIFT_EMIT_LOC_STRINGS = YES;
				SWIFT_VERSION = 5.0;
			};
			name = Release;
		};
/* End XCBuildConfiguration section */

/* Begin XCConfigurationList section */
		AA0000001A000006 /* Build configuration list for PBXNativeTarget "CalmMark" */ = {
			isa = XCConfigurationList;
			buildConfigurations = (
				AA0000001A000013 /* Debug */,
				AA0000001A000014 /* Release */,
			);
			defaultConfigurationIsVisible = 0;
			defaultConfigurationName = Release;
		};
		AA0000001A000010 /* Build configuration list for PBXProject "CalmMark" */ = {
			isa = XCConfigurationList;
			buildConfigurations = (
				AA0000001A000011 /* Debug */,
				AA0000001A000012 /* Release */,
			);
			defaultConfigurationIsVisible = 0;
			defaultConfigurationName = Release;
		};
/* End XCConfigurationList section */
	};
	rootObject = AA0000001A000009 /* Project object */;
}
